
Microsoft Visual Studio Solution File, Format Version 12.00
# Visual Studio Version 17
VisualStudioVersion = 17.7.34202.233
MinimumVisualStudioVersion = 10.0.40219.1
Project("{9A19103F-16F7-4668-BE54-9A1E7A4F7556}") = "AuthService", "AuthService\AuthService.csproj", "{842FC8DE-322B-49FD-B83D-EE2B6C0CE7AD}"
EndProject
Project("{9A19103F-16F7-4668-BE54-9A1E7A4F7556}") = "Infra.Database", "Infra.Database\Infra.Database.csproj", "{F488A237-72F1-4EF2-B9D7-17BF0E6F1237}"
EndProject
Project("{2150E333-8FDC-42A3-9474-1A3956D46DE8}") = "SQL Scripts", "SQL Scripts", "{B68284DC-90D9-466E-8E53-30730B4BBD09}"
EndProject
Project("{54A90642-561A-4BB1-A94E-469ADEE60C69}") = "AngularPresentation", "AngularPresentation\AngularPresentation.esproj", "{2D2A9B95-532B-4843-9C1E-27D1165F0143}"
EndProject
Project("{2150E333-8FDC-42A3-9474-1A3956D46DE8}") = "Deployment", "Deployment", "{CAA0F4D9-85D0-497B-8200-EC3431660AF8}"
	ProjectSection(SolutionItems) = preProject
		Deployment\AuthService.service = Deployment\AuthService.service
		Deployment\Build.ps1 = Deployment\Build.ps1
		Deployment\Deploy.ps1 = Deployment\Deploy.ps1
		Deployment\Readme.md = Deployment\Readme.md
		Deployment\Start.ps1 = Deployment\Start.ps1
	EndProjectSection
EndProject
Project("{9A19103F-16F7-4668-BE54-9A1E7A4F7556}") = "Infra.Shared.Core", "Infra.Shared.Core\Infra.Shared.Core.csproj", "{9212EDC9-40E0-4ED5-9DA6-0A1B006FEB6D}"
EndProject
Project("{2150E333-8FDC-42A3-9474-1A3956D46DE8}") = "1-Presentation", "1-Presentation", "{53E7C579-C7D5-4B12-BCEC-C5E6E7708E47}"
EndProject
Project("{2150E333-8FDC-42A3-9474-1A3956D46DE8}") = "3-Domain", "3-Domain", "{5A92EA27-BDB0-49AB-9734-2CB5A982140E}"
EndProject
Project("{2150E333-8FDC-42A3-9474-1A3956D46DE8}") = "4-Infrastructure", "4-Infrastructure", "{5292297B-DAB2-4076-B29C-8F40B9F8FE11}"
EndProject
Project("{2150E333-8FDC-42A3-9474-1A3956D46DE8}") = "5-Core", "5-Core", "{3FEB1E86-A7A5-493D-B967-22AFF686B1CC}"
EndProject
Project("{9A19103F-16F7-4668-BE54-9A1E7A4F7556}") = "Domain", "Domain\Domain.csproj", "{6D1ED2A4-3FB3-47D3-B8B2-18FADBC0189C}"
EndProject
Project("{2150E333-8FDC-42A3-9474-1A3956D46DE8}") = "2-Application", "2-Application", "{9AF71370-2166-48B9-B64C-E6DCBBA51EEE}"
EndProject
Project("{9A19103F-16F7-4668-BE54-9A1E7A4F7556}") = "Application.Services", "Application.Services\Application.Services.csproj", "{218C7DA4-70D0-4BA5-8593-9A5196DDF064}"
EndProject
Project("{9A19103F-16F7-4668-BE54-9A1E7A4F7556}") = "Infra.Core", "Infra.Core\Infra.Core.csproj", "{A79726C9-42B8-4BDD-9FB4-62EDA21B123F}"
EndProject
Project("{2150E333-8FDC-42A3-9474-1A3956D46DE8}") = "Tests", "Tests", "{56C11583-36E9-4926-B3B5-D29BBDB6D9CF}"
EndProject
Project("{9A19103F-16F7-4668-BE54-9A1E7A4F7556}") = "Infra.Database.Tests", "Infra.Database.Tests\Infra.Database.Tests.csproj", "{0A861DD2-5891-47E9-B84A-263C6139B5F4}"
EndProject
Project("{9A19103F-16F7-4668-BE54-9A1E7A4F7556}") = "Domain.Tests", "Domain.Tests\Domain.Tests.csproj", "{CD6C4BB3-5C78-4DC9-9A49-A2B21AE5C249}"
EndProject
Project("{9A19103F-16F7-4668-BE54-9A1E7A4F7556}") = "Application.Services.Tests", "Application.Services.Tests\Application.Services.Tests.csproj", "{6B644387-5494-407F-B579-63B2AFFE9225}"
EndProject
Project("{2150E333-8FDC-42A3-9474-1A3956D46DE8}") = "UnitTests", "UnitTests", "{27E94F07-1827-4C09-9ED4-1A5CCB9AC96A}"
EndProject
Project("{2150E333-8FDC-42A3-9474-1A3956D46DE8}") = "AutomationTests", "AutomationTests", "{38B4E6B2-309E-4773-8881-0D4F67E8CE71}"
EndProject
Project("{FAE04EC0-301F-11D3-BF4B-00C04F79EFBC}") = "Application.Service.AutomationTest", "Application.Service.AutomationTest\Application.Service.AutomationTest.csproj", "{3320FF5A-0DDA-4390-8F91-80B115E29823}"
EndProject
Project("{FAE04EC0-301F-11D3-BF4B-00C04F79EFBC}") = "MessageQueue.RabbitMQ", "Infra.MessageQueue\MessageQueue.RabbitMQ.csproj", "{2AE79672-3676-4002-92FC-93A33B81F066}"
EndProject
Global
	GlobalSection(SolutionConfigurationPlatforms) = preSolution
		Debug|Any CPU = Debug|Any CPU
		Release|Any CPU = Release|Any CPU
	EndGlobalSection
	GlobalSection(ProjectConfigurationPlatforms) = postSolution
		{842FC8DE-322B-49FD-B83D-EE2B6C0CE7AD}.Debug|Any CPU.ActiveCfg = Debug|Any CPU
		{842FC8DE-322B-49FD-B83D-EE2B6C0CE7AD}.Debug|Any CPU.Build.0 = Debug|Any CPU
		{842FC8DE-322B-49FD-B83D-EE2B6C0CE7AD}.Release|Any CPU.ActiveCfg = Release|Any CPU
		{842FC8DE-322B-49FD-B83D-EE2B6C0CE7AD}.Release|Any CPU.Build.0 = Release|Any CPU
		{F488A237-72F1-4EF2-B9D7-17BF0E6F1237}.Debug|Any CPU.ActiveCfg = Debug|Any CPU
		{F488A237-72F1-4EF2-B9D7-17BF0E6F1237}.Debug|Any CPU.Build.0 = Debug|Any CPU
		{F488A237-72F1-4EF2-B9D7-17BF0E6F1237}.Release|Any CPU.ActiveCfg = Release|Any CPU
		{F488A237-72F1-4EF2-B9D7-17BF0E6F1237}.Release|Any CPU.Build.0 = Release|Any CPU
		{2D2A9B95-532B-4843-9C1E-27D1165F0143}.Debug|Any CPU.ActiveCfg = Debug|Any CPU
		{2D2A9B95-532B-4843-9C1E-27D1165F0143}.Debug|Any CPU.Build.0 = Debug|Any CPU
		{2D2A9B95-532B-4843-9C1E-27D1165F0143}.Debug|Any CPU.Deploy.0 = Debug|Any CPU
		{2D2A9B95-532B-4843-9C1E-27D1165F0143}.Release|Any CPU.ActiveCfg = Release|Any CPU
		{2D2A9B95-532B-4843-9C1E-27D1165F0143}.Release|Any CPU.Build.0 = Release|Any CPU
		{2D2A9B95-532B-4843-9C1E-27D1165F0143}.Release|Any CPU.Deploy.0 = Release|Any CPU
		{9212EDC9-40E0-4ED5-9DA6-0A1B006FEB6D}.Debug|Any CPU.ActiveCfg = Debug|Any CPU
		{9212EDC9-40E0-4ED5-9DA6-0A1B006FEB6D}.Debug|Any CPU.Build.0 = Debug|Any CPU
		{9212EDC9-40E0-4ED5-9DA6-0A1B006FEB6D}.Release|Any CPU.ActiveCfg = Release|Any CPU
		{9212EDC9-40E0-4ED5-9DA6-0A1B006FEB6D}.Release|Any CPU.Build.0 = Release|Any CPU
		{6D1ED2A4-3FB3-47D3-B8B2-18FADBC0189C}.Debug|Any CPU.ActiveCfg = Debug|Any CPU
		{6D1ED2A4-3FB3-47D3-B8B2-18FADBC0189C}.Debug|Any CPU.Build.0 = Debug|Any CPU
		{6D1ED2A4-3FB3-47D3-B8B2-18FADBC0189C}.Release|Any CPU.ActiveCfg = Release|Any CPU
		{6D1ED2A4-3FB3-47D3-B8B2-18FADBC0189C}.Release|Any CPU.Build.0 = Release|Any CPU
		{218C7DA4-70D0-4BA5-8593-9A5196DDF064}.Debug|Any CPU.ActiveCfg = Debug|Any CPU
		{218C7DA4-70D0-4BA5-8593-9A5196DDF064}.Debug|Any CPU.Build.0 = Debug|Any CPU
		{218C7DA4-70D0-4BA5-8593-9A5196DDF064}.Release|Any CPU.ActiveCfg = Release|Any CPU
		{218C7DA4-70D0-4BA5-8593-9A5196DDF064}.Release|Any CPU.Build.0 = Release|Any CPU
		{A79726C9-42B8-4BDD-9FB4-62EDA21B123F}.Debug|Any CPU.ActiveCfg = Debug|Any CPU
		{A79726C9-42B8-4BDD-9FB4-62EDA21B123F}.Debug|Any CPU.Build.0 = Debug|Any CPU
		{A79726C9-42B8-4BDD-9FB4-62EDA21B123F}.Release|Any CPU.ActiveCfg = Release|Any CPU
		{A79726C9-42B8-4BDD-9FB4-62EDA21B123F}.Release|Any CPU.Build.0 = Release|Any CPU
		{0A861DD2-5891-47E9-B84A-263C6139B5F4}.Debug|Any CPU.ActiveCfg = Debug|Any CPU
		{0A861DD2-5891-47E9-B84A-263C6139B5F4}.Debug|Any CPU.Build.0 = Debug|Any CPU
		{0A861DD2-5891-47E9-B84A-263C6139B5F4}.Release|Any CPU.ActiveCfg = Release|Any CPU
		{0A861DD2-5891-47E9-B84A-263C6139B5F4}.Release|Any CPU.Build.0 = Release|Any CPU
		{CD6C4BB3-5C78-4DC9-9A49-A2B21AE5C249}.Debug|Any CPU.ActiveCfg = Debug|Any CPU
		{CD6C4BB3-5C78-4DC9-9A49-A2B21AE5C249}.Debug|Any CPU.Build.0 = Debug|Any CPU
		{CD6C4BB3-5C78-4DC9-9A49-A2B21AE5C249}.Release|Any CPU.ActiveCfg = Release|Any CPU
		{CD6C4BB3-5C78-4DC9-9A49-A2B21AE5C249}.Release|Any CPU.Build.0 = Release|Any CPU
		{6B644387-5494-407F-B579-63B2AFFE9225}.Debug|Any CPU.ActiveCfg = Debug|Any CPU
		{6B644387-5494-407F-B579-63B2AFFE9225}.Debug|Any CPU.Build.0 = Debug|Any CPU
		{6B644387-5494-407F-B579-63B2AFFE9225}.Release|Any CPU.ActiveCfg = Release|Any CPU
		{6B644387-5494-407F-B579-63B2AFFE9225}.Release|Any CPU.Build.0 = Release|Any CPU
		{3320FF5A-0DDA-4390-8F91-80B115E29823}.Debug|Any CPU.ActiveCfg = Debug|Any CPU
		{3320FF5A-0DDA-4390-8F91-80B115E29823}.Debug|Any CPU.Build.0 = Debug|Any CPU
		{3320FF5A-0DDA-4390-8F91-80B115E29823}.Release|Any CPU.ActiveCfg = Release|Any CPU
		{3320FF5A-0DDA-4390-8F91-80B115E29823}.Release|Any CPU.Build.0 = Release|Any CPU
		{2AE79672-3676-4002-92FC-93A33B81F066}.Debug|Any CPU.ActiveCfg = Debug|Any CPU
		{2AE79672-3676-4002-92FC-93A33B81F066}.Debug|Any CPU.Build.0 = Debug|Any CPU
		{2AE79672-3676-4002-92FC-93A33B81F066}.Release|Any CPU.ActiveCfg = Release|Any CPU
		{2AE79672-3676-4002-92FC-93A33B81F066}.Release|Any CPU.Build.0 = Release|Any CPU
	EndGlobalSection
	GlobalSection(SolutionProperties) = preSolution
		HideSolutionNode = FALSE
	EndGlobalSection
	GlobalSection(NestedProjects) = preSolution
		{842FC8DE-322B-49FD-B83D-EE2B6C0CE7AD} = {53E7C579-C7D5-4B12-BCEC-C5E6E7708E47}
		{F488A237-72F1-4EF2-B9D7-17BF0E6F1237} = {5292297B-DAB2-4076-B29C-8F40B9F8FE11}
		{2D2A9B95-532B-4843-9C1E-27D1165F0143} = {53E7C579-C7D5-4B12-BCEC-C5E6E7708E47}
		{9212EDC9-40E0-4ED5-9DA6-0A1B006FEB6D} = {3FEB1E86-A7A5-493D-B967-22AFF686B1CC}
		{6D1ED2A4-3FB3-47D3-B8B2-18FADBC0189C} = {5A92EA27-BDB0-49AB-9734-2CB5A982140E}
		{218C7DA4-70D0-4BA5-8593-9A5196DDF064} = {9AF71370-2166-48B9-B64C-E6DCBBA51EEE}
		{A79726C9-42B8-4BDD-9FB4-62EDA21B123F} = {3FEB1E86-A7A5-493D-B967-22AFF686B1CC}
		{0A861DD2-5891-47E9-B84A-263C6139B5F4} = {27E94F07-1827-4C09-9ED4-1A5CCB9AC96A}
		{CD6C4BB3-5C78-4DC9-9A49-A2B21AE5C249} = {27E94F07-1827-4C09-9ED4-1A5CCB9AC96A}
		{6B644387-5494-407F-B579-63B2AFFE9225} = {27E94F07-1827-4C09-9ED4-1A5CCB9AC96A}
		{27E94F07-1827-4C09-9ED4-1A5CCB9AC96A} = {56C11583-36E9-4926-B3B5-D29BBDB6D9CF}
		{38B4E6B2-309E-4773-8881-0D4F67E8CE71} = {56C11583-36E9-4926-B3B5-D29BBDB6D9CF}
		{3320FF5A-0DDA-4390-8F91-80B115E29823} = {38B4E6B2-309E-4773-8881-0D4F67E8CE71}
		{2AE79672-3676-4002-92FC-93A33B81F066} = {3FEB1E86-A7A5-493D-B967-22AFF686B1CC}
	EndGlobalSection
	GlobalSection(ExtensibilityGlobals) = postSolution
		SolutionGuid = {7262F5B8-B31E-4454-BC5F-904125148EB3}
	EndGlobalSection
EndGlobal
